PODS:
  - AFNetworking (4.0.1):
    - AFNetworking/NSURLSession (= 4.0.1)
    - AFNetworking/Reachability (= 4.0.1)
    - AFNetworking/Security (= 4.0.1)
    - AFNetworking/Serialization (= 4.0.1)
    - AFNetworking/UIKit (= 4.0.1)
  - AFNetworking/NSURLSession (4.0.1):
    - AFNetworking/Reachability
    - AFNetworking/Security
    - AFNetworking/Serialization
  - AFNetworking/Reachability (4.0.1)
  - AFNetworking/Security (4.0.1)
  - AFNetworking/Serialization (4.0.1)
  - AFNetworking/UIKit (4.0.1):
    - AFNetworking/NSURLSession
  - CJKTCategory (0.1.6)
  - DoraemonKit/Core (3.0.6):
    - FMDB
    - GCDWebServer
    - GCDWebServer/WebDAV
    - GCDWebServer/WebUploader
  - DZNEmptyDataSet (1.8.1)
  - FFPopup (1.1.4)
  - FMDB (2.7.5):
    - FMDB/standard (= 2.7.5)
  - FMDB/standard (2.7.5)
  - GCDWebServer (3.5.4):
    - GCDWebServer/Core (= 3.5.4)
  - GCDWebServer/Core (3.5.4)
  - GCDWebServer/WebDAV (3.5.4):
    - GCDWebServer/Core
  - GCDWebServer/WebUploader (3.5.4):
    - GCDWebServer/Core
  - IAPHelper (1.1)
  - JXTAlertManager (1.0.2)
  - LBXScan/LBXNative (2.5.1):
    - LBXScan/Types (~> 2.2)
  - LBXScan/Types (2.5.1)
  - LBXScan/UI (2.5.1):
    - LBXScan/Types (~> 2.2)
  - LEEAlert (1.4.1)
  - LookinServer (1.0.0)
  - Masonry (1.1.0)
  - MBProgressHUD (1.2.0)
  - MJExtension (3.2.2)
  - MJRefresh (3.5.0)
  - MMKV (1.2.7):
    - MMKVCore (~> 1.2.7)
  - MMKVCore (1.2.7)
  - MMLayout (0.3.0)
  - MMWebView (1.2)
  - PINCache (3.0.3):
    - PINCache/Arc-exception-safe (= 3.0.3)
    - PINCache/Core (= 3.0.3)
  - PINCache/Arc-exception-safe (3.0.3):
    - PINCache/Core
  - PINCache/Core (3.0.3):
    - PINOperation (~> 1.2.1)
  - PINOperation (1.2.1)
  - QYCategory (1.0.0)
  - Reachability (3.2)
  - SDWebImage (5.10.4):
    - SDWebImage/Core (= 5.10.4)
  - SDWebImage/Core (5.10.4)
  - SGPagingView (1.6.8)
  - SQLiteRepairKit (1.2.2):
    - WCDBOptimizedSQLCipher (~> 1.2.0)
  - SVProgressHUD (2.2.5)
  - Toast (4.0.0)
  - VTMagic (1.2.4):
    - VTMagic/Core (= 1.2.4)
  - VTMagic/Core (1.2.4)
  - WCDB (1.0.7.5):
    - SQLiteRepairKit (~> 1.2.0)
    - WCDBOptimizedSQLCipher (~> 1.2.0)
  - WCDBOptimizedSQLCipher (1.2.1)
  - YBPopupMenu (1.1.7)
  - YYKit (1.0.9):
    - YYKit/no-arc (= 1.0.9)
  - YYKit/no-arc (1.0.9)

DEPENDENCIES:
  - AFNetworking (~> 4.0)
  - CJKTCategory
  - DoraemonKit/Core (~> 3.0.4)
  - DZNEmptyDataSet
  - FFPopup
  - FMDB
  - IAPHelper
  - JXTAlertManager
  - LBXScan/LBXNative
  - LBXScan/UI
  - LEEAlert
  - LookinServer
  - Masonry (~> 1.1.0)
  - MBProgressHUD
  - MJExtension
  - MJRefresh
  - MMKV (~> 1.2.7)
  - MMLayout (~> 0.3.0)
  - MMWebView
  - PINCache (~> 3.0.3)
  - QYCategory
  - Reachability
  - SDWebImage (~> 5.10.4)
  - SGPagingView
  - SVProgressHUD
  - Toast
  - VTMagic
  - WCDB (~> 1.0.7.5)
  - YBPopupMenu (~> 1.1.7)
  - YYKit

SPEC REPOS:
  https://github.com/CocoaPods/Specs.git:
    - AFNetworking
    - CJKTCategory
    - DoraemonKit
    - DZNEmptyDataSet
    - FFPopup
    - FMDB
    - GCDWebServer
    - IAPHelper
    - JXTAlertManager
    - LBXScan
    - LEEAlert
    - LookinServer
    - Masonry
    - MBProgressHUD
    - MJExtension
    - MJRefresh
    - MMKV
    - MMKVCore
    - MMLayout
    - MMWebView
    - PINCache
    - PINOperation
    - QYCategory
    - Reachability
    - SDWebImage
    - SGPagingView
    - SQLiteRepairKit
    - SVProgressHUD
    - Toast
    - VTMagic
    - WCDB
    - WCDBOptimizedSQLCipher
    - YBPopupMenu
    - YYKit

SPEC CHECKSUMS:
  AFNetworking: 7864c38297c79aaca1500c33288e429c3451fdce
  CJKTCategory: 1a8d013bb9af3c2ff154eae09ef07e15d4c0d46d
  DoraemonKit: 919709427c30af94e265532a879ac41797d296d1
  DZNEmptyDataSet: 9525833b9e68ac21c30253e1d3d7076cc828eaa7
  FFPopup: 3bec8070665b892d8f54f2acaca447fdccc7f30b
  FMDB: 2ce00b547f966261cd18927a3ddb07cb6f3db82a
  GCDWebServer: 2c156a56c8226e2d5c0c3f208a3621ccffbe3ce4
  IAPHelper: fd74f53b0ac142eed085777b88b86a11746a2dd4
  JXTAlertManager: 71a89e90ac1a6d72862fbe884eab513cb243a344
  LBXScan: 90ca10d0c38fb4a5a6980d7782354f3f69f50093
  LEEAlert: 808af2180ddde98f77f487ee29165673a45376bb
  LookinServer: 0002891cd3cec5e082a910e897dfe71b4f06b89e
  Masonry: 678fab65091a9290e40e2832a55e7ab731aad201
  MBProgressHUD: 3ee5efcc380f6a79a7cc9b363dd669c5e1ae7406
  MJExtension: d9b9c74cbdeb724c1e9ecbb157b318276e62e876
  MJRefresh: 6afc955813966afb08305477dd7a0d9ad5e79a16
  MMKV: 22e5136f7d00197bc0fc9694b7f71519f0d1ca12
  MMKVCore: 607b7b05f2c2140056b5d338e45f2c14bf3f4232
  MMLayout: d559edecd69fbcb348368ba90917e047ab1c544e
  MMWebView: e316971fbd8fb9c7fdc02b96c35d450f77961002
  PINCache: 7a8fc1a691173d21dbddbf86cd515de6efa55086
  PINOperation: 00c935935f1e8cf0d1e2d6b542e75b88fc3e5e20
  QYCategory: 762db6fe1d291bd50ed03b1dd2c624620b50202b
  Reachability: 33e18b67625424e47b6cde6d202dce689ad7af96
  SDWebImage: c666b97e1fa9c64b4909816a903322018f0a9c84
  SGPagingView: 8b8c0960e062e7d704896d0a639afb564e4ae86c
  SQLiteRepairKit: 35aaae5a8838adb85f5b1eb4d796055be6060a4b
  SVProgressHUD: 1428aafac632c1f86f62aa4243ec12008d7a51d6
  Toast: 91b396c56ee72a5790816f40d3a94dd357abc196
  VTMagic: b49e5f456dbcbfd9a3588ba92417233a105bc193
  WCDB: 8e90babdeb7784c569353a4bd22a66c0a175a882
  WCDBOptimizedSQLCipher: baf44493b0c7a3d49e97bc5b64a3856f6428ddd1
  YBPopupMenu: cee0568a0c5de8565b0cda1bf97f0520d71d122d
  YYKit: 7cda43304a8dc3696c449041e2cb3107b4e236e7

PODFILE CHECKSUM: 5eb1202a58aff4ee8a16a41f01ae0abeb55f812e

COCOAPODS: 1.10.1
