PODS:
  - AFNetworking (3.2.1):
    - AFNetworking/NSURLSession (= 3.2.1)
    - AFNetworking/Reachability (= 3.2.1)
    - AFNetworking/Security (= 3.2.1)
    - AFNetworking/Serialization (= 3.2.1)
    - AFNetworking/UIKit (= 3.2.1)
  - AFNetworking/NSURLSession (3.2.1):
    - AFNetworking/Reachability
    - AFNetworking/Security
    - AFNetworking/Serialization
  - AFNetworking/Reachability (3.2.1)
  - AFNetworking/Security (3.2.1)
  - AFNetworking/Serialization (3.2.1)
  - AFNetworking/UIKit (3.2.1):
    - AFNetworking/NSURLSession
  - DZNEmptyDataSet (1.8.1)
  - FFPopup (1.1.0)
  - IAPHelper (1.1)
  - LEEAlert (1.3.6)
  - LookinServer (1.0.0)
  - Masonry (1.1.0)
  - MBProgressHUD (1.2.0)
  - MJRefresh (3.3.1)
  - QMUIKit (4.1.1):
    - QMUIKit/QMUIComponents (= 4.1.1)
    - QMUIKit/QMUICore (= 4.1.1)
    - QMUIKit/QMUILog (= 4.1.1)
    - QMUIKit/QMUIMainFrame (= 4.1.1)
    - QMUIKit/QMUIWeakObjectContainer (= 4.1.1)
  - QMUIKit/QMUIComponents (4.1.1):
    - QMUIKit/QMUIComponents/NavigationBarTransition (= 4.1.1)
    - QMUIKit/QMUIComponents/QMUIAlertController (= 4.1.1)
    - QMUIKit/QMUIComponents/QMUIAnimation (= 4.1.1)
    - QMUIKit/QMUIComponents/QMUIAppearance (= 4.1.1)
    - QMUIKit/QMUIComponents/QMUIAssetLibrary (= 4.1.1)
    - QMUIKit/QMUIComponents/QMUIBadge (= 4.1.1)
    - QMUIKit/QMUIComponents/QMUIButton (= 4.1.1)
    - QMUIKit/QMUIComponents/QMUICAAnimationExtension (= 4.1.1)
    - QMUIKit/QMUIComponents/QMUICellHeightCache (= 4.1.1)
    - QMUIKit/QMUIComponents/QMUICellHeightKeyCache (= 4.1.1)
    - QMUIKit/QMUIComponents/QMUICellSizeKeyCache (= 4.1.1)
    - QMUIKit/QMUIComponents/QMUICollectionViewPagingLayout (= 4.1.1)
    - QMUIKit/QMUIComponents/QMUIConsole (= 4.1.1)
    - QMUIKit/QMUIComponents/QMUIDialogViewController (= 4.1.1)
    - QMUIKit/QMUIComponents/QMUIEmotionInputManager (= 4.1.1)
    - QMUIKit/QMUIComponents/QMUIEmotionView (= 4.1.1)
    - QMUIKit/QMUIComponents/QMUIEmptyView (= 4.1.1)
    - QMUIKit/QMUIComponents/QMUIFillButton (= 4.1.1)
    - QMUIKit/QMUIComponents/QMUIFloatLayoutView (= 4.1.1)
    - QMUIKit/QMUIComponents/QMUIGhostButton (= 4.1.1)
    - QMUIKit/QMUIComponents/QMUIGridView (= 4.1.1)
    - QMUIKit/QMUIComponents/QMUIImagePickerLibrary (= 4.1.1)
    - QMUIKit/QMUIComponents/QMUIImagePreviewView (= 4.1.1)
    - QMUIKit/QMUIComponents/QMUIKeyboardManager (= 4.1.1)
    - QMUIKit/QMUIComponents/QMUILabel (= 4.1.1)
    - QMUIKit/QMUIComponents/QMUILinkButton (= 4.1.1)
    - QMUIKit/QMUIComponents/QMUILogManagerViewController (= 4.1.1)
    - QMUIKit/QMUIComponents/QMUILogWithConfigurationSupported (= 4.1.1)
    - QMUIKit/QMUIComponents/QMUIMarqueeLabel (= 4.1.1)
    - QMUIKit/QMUIComponents/QMUIModalPresentationViewController (= 4.1.1)
    - QMUIKit/QMUIComponents/QMUIMoreOperationController (= 4.1.1)
    - QMUIKit/QMUIComponents/QMUIMultipleDelegates (= 4.1.1)
    - QMUIKit/QMUIComponents/QMUINavigationButton (= 4.1.1)
    - QMUIKit/QMUIComponents/QMUINavigationTitleView (= 4.1.1)
    - QMUIKit/QMUIComponents/QMUIOrderedDictionary (= 4.1.1)
    - QMUIKit/QMUIComponents/QMUIPieProgressView (= 4.1.1)
    - QMUIKit/QMUIComponents/QMUIPopupContainerView (= 4.1.1)
    - QMUIKit/QMUIComponents/QMUIPopupMenuView (= 4.1.1)
    - QMUIKit/QMUIComponents/QMUIScrollAnimator (= 4.1.1)
    - QMUIKit/QMUIComponents/QMUISearchBar (= 4.1.1)
    - QMUIKit/QMUIComponents/QMUISearchController (= 4.1.1)
    - QMUIKit/QMUIComponents/QMUISegmentedControl (= 4.1.1)
    - QMUIKit/QMUIComponents/QMUISlider (= 4.1.1)
    - QMUIKit/QMUIComponents/QMUIStaticTableView (= 4.1.1)
    - QMUIKit/QMUIComponents/QMUITableView (= 4.1.1)
    - QMUIKit/QMUIComponents/QMUITableViewCell (= 4.1.1)
    - QMUIKit/QMUIComponents/QMUITableViewHeaderFooterView (= 4.1.1)
    - QMUIKit/QMUIComponents/QMUITableViewProtocols (= 4.1.1)
    - QMUIKit/QMUIComponents/QMUITestView (= 4.1.1)
    - QMUIKit/QMUIComponents/QMUITextField (= 4.1.1)
    - QMUIKit/QMUIComponents/QMUITextView (= 4.1.1)
    - QMUIKit/QMUIComponents/QMUITheme (= 4.1.1)
    - QMUIKit/QMUIComponents/QMUITips (= 4.1.1)
    - QMUIKit/QMUIComponents/QMUIToastView (= 4.1.1)
    - QMUIKit/QMUIComponents/QMUIToolbarButton (= 4.1.1)
    - QMUIKit/QMUIComponents/QMUIVisualEffectView (= 4.1.1)
    - QMUIKit/QMUIComponents/QMUIWindowSizeMonitor (= 4.1.1)
    - QMUIKit/QMUIComponents/QMUIZoomImageView (= 4.1.1)
    - QMUIKit/QMUICore
  - QMUIKit/QMUIComponents/NavigationBarTransition (4.1.1):
    - QMUIKit/QMUIComponents/QMUINavigationTitleView
    - QMUIKit/QMUICore
    - QMUIKit/QMUIMainFrame
  - QMUIKit/QMUIComponents/QMUIAlertController (4.1.1):
    - QMUIKit/QMUIComponents/QMUIAppearance
    - QMUIKit/QMUIComponents/QMUIButton
    - QMUIKit/QMUIComponents/QMUIKeyboardManager
    - QMUIKit/QMUIComponents/QMUIModalPresentationViewController
    - QMUIKit/QMUIComponents/QMUITextField
    - QMUIKit/QMUICore
  - QMUIKit/QMUIComponents/QMUIAnimation (4.1.1):
    - QMUIKit/QMUICore
  - QMUIKit/QMUIComponents/QMUIAppearance (4.1.1):
    - QMUIKit/QMUICore
  - QMUIKit/QMUIComponents/QMUIAssetLibrary (4.1.1):
    - QMUIKit/QMUICore
  - QMUIKit/QMUIComponents/QMUIBadge (4.1.1):
    - QMUIKit/QMUIComponents/QMUILabel
    - QMUIKit/QMUICore
  - QMUIKit/QMUIComponents/QMUIButton (4.1.1):
    - QMUIKit/QMUICore
  - QMUIKit/QMUIComponents/QMUICAAnimationExtension (4.1.1):
    - QMUIKit/QMUIComponents/QMUIMultipleDelegates
    - QMUIKit/QMUICore
  - QMUIKit/QMUIComponents/QMUICellHeightCache (4.1.1):
    - QMUIKit/QMUIComponents/QMUITableViewProtocols
    - QMUIKit/QMUICore
  - QMUIKit/QMUIComponents/QMUICellHeightKeyCache (4.1.1):
    - QMUIKit/QMUIComponents/QMUIMultipleDelegates
    - QMUIKit/QMUIComponents/QMUITableViewProtocols
    - QMUIKit/QMUICore
  - QMUIKit/QMUIComponents/QMUICellSizeKeyCache (4.1.1):
    - QMUIKit/QMUIComponents/QMUIMultipleDelegates
    - QMUIKit/QMUICore
  - QMUIKit/QMUIComponents/QMUICollectionViewPagingLayout (4.1.1):
    - QMUIKit/QMUICore
  - QMUIKit/QMUIComponents/QMUIConsole (4.1.1):
    - QMUIKit/QMUIComponents/QMUIButton
    - QMUIKit/QMUIComponents/QMUICAAnimationExtension
    - QMUIKit/QMUIComponents/QMUIPopupMenuView
    - QMUIKit/QMUIComponents/QMUITextField
    - QMUIKit/QMUIComponents/QMUITextView
    - QMUIKit/QMUICore
  - QMUIKit/QMUIComponents/QMUIDialogViewController (4.1.1):
    - QMUIKit/QMUIComponents/QMUIAppearance
    - QMUIKit/QMUIComponents/QMUIButton
    - QMUIKit/QMUIComponents/QMUILabel
    - QMUIKit/QMUIComponents/QMUIModalPresentationViewController
    - QMUIKit/QMUIComponents/QMUINavigationTitleView
    - QMUIKit/QMUIComponents/QMUITableView
    - QMUIKit/QMUIComponents/QMUITableViewCell
    - QMUIKit/QMUIComponents/QMUITextField
    - QMUIKit/QMUICore
    - QMUIKit/QMUIMainFrame
  - QMUIKit/QMUIComponents/QMUIEmotionInputManager (4.1.1):
    - QMUIKit/QMUIComponents/QMUIEmotionView
    - QMUIKit/QMUICore
  - QMUIKit/QMUIComponents/QMUIEmotionView (4.1.1):
    - QMUIKit/QMUIComponents/QMUIButton
    - QMUIKit/QMUICore
  - QMUIKit/QMUIComponents/QMUIEmptyView (4.1.1):
    - QMUIKit/QMUIComponents/QMUIAppearance
    - QMUIKit/QMUIComponents/QMUIButton
    - QMUIKit/QMUICore
  - QMUIKit/QMUIComponents/QMUIFillButton (4.1.1):
    - QMUIKit/QMUIComponents/QMUIButton
    - QMUIKit/QMUICore
  - QMUIKit/QMUIComponents/QMUIFloatLayoutView (4.1.1):
    - QMUIKit/QMUICore
  - QMUIKit/QMUIComponents/QMUIGhostButton (4.1.1):
    - QMUIKit/QMUIComponents/QMUIButton
    - QMUIKit/QMUICore
  - QMUIKit/QMUIComponents/QMUIGridView (4.1.1):
    - QMUIKit/QMUICore
  - QMUIKit/QMUIComponents/QMUIImagePickerLibrary (4.1.1):
    - QMUIKit/QMUIComponents/QMUIAlertController
    - QMUIKit/QMUIComponents/QMUIAppearance
    - QMUIKit/QMUIComponents/QMUIAssetLibrary
    - QMUIKit/QMUIComponents/QMUIButton
    - QMUIKit/QMUIComponents/QMUIEmptyView
    - QMUIKit/QMUIComponents/QMUIImagePreviewView
    - QMUIKit/QMUIComponents/QMUINavigationButton
    - QMUIKit/QMUIComponents/QMUITableViewCell
    - QMUIKit/QMUIComponents/QMUIZoomImageView
    - QMUIKit/QMUICore
    - QMUIKit/QMUIMainFrame
  - QMUIKit/QMUIComponents/QMUIImagePreviewView (4.1.1):
    - QMUIKit/QMUIComponents/QMUIAppearance
    - QMUIKit/QMUIComponents/QMUIButton
    - QMUIKit/QMUIComponents/QMUICollectionViewPagingLayout
    - QMUIKit/QMUIComponents/QMUIEmptyView
    - QMUIKit/QMUIComponents/QMUIPieProgressView
    - QMUIKit/QMUIComponents/QMUIZoomImageView
    - QMUIKit/QMUICore
    - QMUIKit/QMUIMainFrame
  - QMUIKit/QMUIComponents/QMUIKeyboardManager (4.1.1):
    - QMUIKit/QMUICore
  - QMUIKit/QMUIComponents/QMUILabel (4.1.1):
    - QMUIKit/QMUICore
  - QMUIKit/QMUIComponents/QMUILinkButton (4.1.1):
    - QMUIKit/QMUIComponents/QMUIButton
    - QMUIKit/QMUICore
  - QMUIKit/QMUIComponents/QMUILogManagerViewController (4.1.1):
    - QMUIKit/QMUIComponents/QMUIPopupMenuView
    - QMUIKit/QMUIComponents/QMUISearchController
    - QMUIKit/QMUIComponents/QMUIStaticTableView
    - QMUIKit/QMUIComponents/QMUITableView
    - QMUIKit/QMUICore
    - QMUIKit/QMUIMainFrame
  - QMUIKit/QMUIComponents/QMUILogWithConfigurationSupported (4.1.1):
    - QMUIKit/QMUICore
  - QMUIKit/QMUIComponents/QMUIMarqueeLabel (4.1.1):
    - QMUIKit/QMUICore
  - QMUIKit/QMUIComponents/QMUIModalPresentationViewController (4.1.1):
    - QMUIKit/QMUIComponents/QMUIAppearance
    - QMUIKit/QMUIComponents/QMUIKeyboardManager
    - QMUIKit/QMUICore
  - QMUIKit/QMUIComponents/QMUIMoreOperationController (4.1.1):
    - QMUIKit/QMUIComponents/QMUIAppearance
    - QMUIKit/QMUIComponents/QMUIButton
    - QMUIKit/QMUIComponents/QMUIModalPresentationViewController
    - QMUIKit/QMUICore
  - QMUIKit/QMUIComponents/QMUIMultipleDelegates (4.1.1):
    - QMUIKit/QMUICore
  - QMUIKit/QMUIComponents/QMUINavigationButton (4.1.1):
    - QMUIKit/QMUICore
    - QMUIKit/QMUIMainFrame
  - QMUIKit/QMUIComponents/QMUINavigationTitleView (4.1.1):
    - QMUIKit/QMUIComponents/QMUIAppearance
    - QMUIKit/QMUIComponents/QMUIButton
    - QMUIKit/QMUICore
  - QMUIKit/QMUIComponents/QMUIOrderedDictionary (4.1.1):
    - QMUIKit/QMUICore
  - QMUIKit/QMUIComponents/QMUIPieProgressView (4.1.1):
    - QMUIKit/QMUICore
  - QMUIKit/QMUIComponents/QMUIPopupContainerView (4.1.1):
    - QMUIKit/QMUIComponents/QMUIAppearance
    - QMUIKit/QMUICore
    - QMUIKit/QMUIMainFrame
  - QMUIKit/QMUIComponents/QMUIPopupMenuView (4.1.1):
    - QMUIKit/QMUIComponents/QMUIButton
    - QMUIKit/QMUIComponents/QMUIPopupContainerView
    - QMUIKit/QMUICore
  - QMUIKit/QMUIComponents/QMUIScrollAnimator (4.1.1):
    - QMUIKit/QMUIComponents/QMUIMultipleDelegates
    - QMUIKit/QMUICore
  - QMUIKit/QMUIComponents/QMUISearchBar (4.1.1):
    - QMUIKit/QMUICore
  - QMUIKit/QMUIComponents/QMUISearchController (4.1.1):
    - QMUIKit/QMUIComponents/QMUIEmptyView
    - QMUIKit/QMUIComponents/QMUISearchBar
    - QMUIKit/QMUICore
    - QMUIKit/QMUIMainFrame
  - QMUIKit/QMUIComponents/QMUISegmentedControl (4.1.1):
    - QMUIKit/QMUICore
  - QMUIKit/QMUIComponents/QMUISlider (4.1.1):
    - QMUIKit/QMUICore
  - QMUIKit/QMUIComponents/QMUIStaticTableView (4.1.1):
    - QMUIKit/QMUIComponents/QMUIMultipleDelegates
    - QMUIKit/QMUIComponents/QMUITableViewCell
    - QMUIKit/QMUICore
  - QMUIKit/QMUIComponents/QMUITableView (4.1.1):
    - QMUIKit/QMUIComponents/QMUITableViewProtocols
    - QMUIKit/QMUICore
  - QMUIKit/QMUIComponents/QMUITableViewCell (4.1.1):
    - QMUIKit/QMUIComponents/QMUIButton
    - QMUIKit/QMUICore
  - QMUIKit/QMUIComponents/QMUITableViewHeaderFooterView (4.1.1):
    - QMUIKit/QMUICore
  - QMUIKit/QMUIComponents/QMUITableViewProtocols (4.1.1):
    - QMUIKit/QMUICore
  - QMUIKit/QMUIComponents/QMUITestView (4.1.1):
    - QMUIKit/QMUICore
  - QMUIKit/QMUIComponents/QMUITextField (4.1.1):
    - QMUIKit/QMUIComponents/QMUIMultipleDelegates
    - QMUIKit/QMUICore
  - QMUIKit/QMUIComponents/QMUITextView (4.1.1):
    - QMUIKit/QMUIComponents/QMUILabel
    - QMUIKit/QMUIComponents/QMUIMultipleDelegates
    - QMUIKit/QMUICore
  - QMUIKit/QMUIComponents/QMUITheme (4.1.1):
    - QMUIKit/QMUIComponents/QMUIAlertController
    - QMUIKit/QMUIComponents/QMUIButton
    - QMUIKit/QMUIComponents/QMUIConsole
    - QMUIKit/QMUIComponents/QMUIEmotionView
    - QMUIKit/QMUIComponents/QMUIEmptyView
    - QMUIKit/QMUIComponents/QMUIFillButton
    - QMUIKit/QMUIComponents/QMUIGhostButton
    - QMUIKit/QMUIComponents/QMUIGridView
    - QMUIKit/QMUIComponents/QMUIImagePickerLibrary
    - QMUIKit/QMUIComponents/QMUIImagePreviewView
    - QMUIKit/QMUIComponents/QMUILabel
    - QMUIKit/QMUIComponents/QMUILinkButton
    - QMUIKit/QMUIComponents/QMUIModalPresentationViewController
    - QMUIKit/QMUIComponents/QMUIPopupContainerView
    - QMUIKit/QMUIComponents/QMUIPopupMenuView
    - QMUIKit/QMUIComponents/QMUISlider
    - QMUIKit/QMUIComponents/QMUITextField
    - QMUIKit/QMUIComponents/QMUITextView
    - QMUIKit/QMUIComponents/QMUIToastView
    - QMUIKit/QMUIComponents/QMUIVisualEffectView
    - QMUIKit/QMUICore
  - QMUIKit/QMUIComponents/QMUITips (4.1.1):
    - QMUIKit/QMUIComponents/QMUIToastView
    - QMUIKit/QMUICore
  - QMUIKit/QMUIComponents/QMUIToastView (4.1.1):
    - QMUIKit/QMUIComponents/QMUIKeyboardManager
    - QMUIKit/QMUIComponents/QMUIVisualEffectView
    - QMUIKit/QMUICore
  - QMUIKit/QMUIComponents/QMUIToolbarButton (4.1.1):
    - QMUIKit/QMUICore
  - QMUIKit/QMUIComponents/QMUIVisualEffectView (4.1.1):
    - QMUIKit/QMUICore
  - QMUIKit/QMUIComponents/QMUIWindowSizeMonitor (4.1.1):
    - QMUIKit/QMUICore
  - QMUIKit/QMUIComponents/QMUIZoomImageView (4.1.1):
    - QMUIKit/QMUIComponents/QMUIAssetLibrary
    - QMUIKit/QMUIComponents/QMUIButton
    - QMUIKit/QMUIComponents/QMUIEmptyView
    - QMUIKit/QMUIComponents/QMUIPieProgressView
    - QMUIKit/QMUIComponents/QMUISlider
    - QMUIKit/QMUICore
  - QMUIKit/QMUICore (4.1.1):
    - QMUIKit/QMUILog
    - QMUIKit/QMUIWeakObjectContainer
  - QMUIKit/QMUILog (4.1.1)
  - QMUIKit/QMUIMainFrame (4.1.1):
    - QMUIKit/QMUIComponents/QMUIEmptyView
    - QMUIKit/QMUIComponents/QMUIKeyboardManager
    - QMUIKit/QMUIComponents/QMUIMultipleDelegates
    - QMUIKit/QMUIComponents/QMUINavigationTitleView
    - QMUIKit/QMUIComponents/QMUITableView
    - QMUIKit/QMUIComponents/QMUITableViewHeaderFooterView
    - QMUIKit/QMUICore
    - QMUIKit/QMUILog
  - QMUIKit/QMUIWeakObjectContainer (4.1.1)
  - Reachability (3.2)
  - SDWebImage (5.7.0):
    - SDWebImage/Core (= 5.7.0)
  - SDWebImage/Core (5.7.0)
  - Toast (4.0.0)
  - XMNetworking (1.1.0):
    - AFNetworking (~> 3.0)
  - YYKit (1.0.9):
    - YYKit/no-arc (= 1.0.9)
  - YYKit/no-arc (1.0.9)

DEPENDENCIES:
  - AFNetworking
  - DZNEmptyDataSet
  - FFPopup
  - IAPHelper
  - LEEAlert
  - LookinServer
  - Masonry
  - MBProgressHUD
  - MJRefresh
  - QMUIKit
  - Reachability
  - SDWebImage
  - Toast
  - XMNetworking
  - YYKit

SPEC REPOS:
  https://github.com/CocoaPods/Specs.git:
    - AFNetworking
    - DZNEmptyDataSet
    - FFPopup
    - IAPHelper
    - LEEAlert
    - LookinServer
    - Masonry
    - MBProgressHUD
    - MJRefresh
    - QMUIKit
    - Reachability
    - SDWebImage
    - Toast
    - XMNetworking
    - YYKit

SPEC CHECKSUMS:
  AFNetworking: b6f891fdfaed196b46c7a83cf209e09697b94057
  DZNEmptyDataSet: 9525833b9e68ac21c30253e1d3d7076cc828eaa7
  FFPopup: 408e38711f4fe2fddd3c8612c045cf0df6da2e4e
  IAPHelper: fd74f53b0ac142eed085777b88b86a11746a2dd4
  LEEAlert: b92b3648fcb2107511472a87c43818c1fc38afd9
  LookinServer: 0002891cd3cec5e082a910e897dfe71b4f06b89e
  Masonry: 678fab65091a9290e40e2832a55e7ab731aad201
  MBProgressHUD: 3ee5efcc380f6a79a7cc9b363dd669c5e1ae7406
  MJRefresh: eeda70fbf0ad277f3178cef1cd0c3532591d6237
  QMUIKit: 5a1a39630f404bd34824d0769ffac9531744602c
  Reachability: 33e18b67625424e47b6cde6d202dce689ad7af96
  SDWebImage: a99471f452bdfa0ca52ddf5b1adf2b61cab1d1eb
  Toast: 91b396c56ee72a5790816f40d3a94dd357abc196
  XMNetworking: 7160cc06f504f325eec515a1e687ee1aa89bc462
  YYKit: 7cda43304a8dc3696c449041e2cb3107b4e236e7

PODFILE CHECKSUM: 472396f1a9b30470b969caf7dbb65abcc5742615

COCOAPODS: 1.9.1
